
Microsoft Visual Studio Solution File, Format Version 12.00
# Visual Studio Version 17
VisualStudioVersion = 17.3.32901.215
MinimumVisualStudioVersion = 10.0.40219.1
Project("{FAE04EC0-301F-11D3-BF4B-00C04F79EFBC}") = "ProyectoInterfez", "Tarea_1\ProyectoInterfez.csproj", "{209F1251-519E-4069-84BA-A4E73BD08A45}"
EndProject
Project("{FAE04EC0-301F-11D3-BF4B-00C04F79EFBC}") = "LogicaTarea", "LogicaTarea\LogicaTarea.csproj", "{B6E21A0E-0B6F-4045-80A3-CC4DF61CBD92}"
EndProject
Project("{2150E333-8FDC-42A3-9474-1A3956D46DE8}") = "Servidor", "Servidor", "{87054833-3E27-40B1-9442-84D4B57DD45C}"
EndProject
Global
	GlobalSection(SolutionConfigurationPlatforms) = preSolution
		Debug|Any CPU = Debug|Any CPU
		Release|Any CPU = Release|Any CPU
	EndGlobalSection
	GlobalSection(ProjectConfigurationPlatforms) = postSolution
		{209F1251-519E-4069-84BA-A4E73BD08A45}.Debug|Any CPU.ActiveCfg = Debug|Any CPU
		{209F1251-519E-4069-84BA-A4E73BD08A45}.Debug|Any CPU.Build.0 = Debug|Any CPU
		{209F1251-519E-4069-84BA-A4E73BD08A45}.Release|Any CPU.ActiveCfg = Release|Any CPU
		{209F1251-519E-4069-84BA-A4E73BD08A45}.Release|Any CPU.Build.0 = Release|Any CPU
		{B6E21A0E-0B6F-4045-80A3-CC4DF61CBD92}.Debug|Any CPU.ActiveCfg = Debug|Any CPU
		{B6E21A0E-0B6F-4045-80A3-CC4DF61CBD92}.Debug|Any CPU.Build.0 = Debug|Any CPU
		{B6E21A0E-0B6F-4045-80A3-CC4DF61CBD92}.Release|Any CPU.ActiveCfg = Release|Any CPU
		{B6E21A0E-0B6F-4045-80A3-CC4DF61CBD92}.Release|Any CPU.Build.0 = Release|Any CPU
	EndGlobalSection
	GlobalSection(SolutionProperties) = preSolution
		HideSolutionNode = FALSE
	EndGlobalSection
	GlobalSection(NestedProjects) = preSolution
		{209F1251-519E-4069-84BA-A4E73BD08A45} = {87054833-3E27-40B1-9442-84D4B57DD45C}
		{B6E21A0E-0B6F-4045-80A3-CC4DF61CBD92} = {87054833-3E27-40B1-9442-84D4B57DD45C}
	EndGlobalSection
	GlobalSection(ExtensibilityGlobals) = postSolution
		SolutionGuid = {FAA4C305-ED59-4326-A728-06FD020DDA21}
	EndGlobalSection
EndGlobal
