
Microsoft Visual Studio Solution File, Format Version 12.00
# Visual Studio Version 17
VisualStudioVersion = 17.3.32901.215
MinimumVisualStudioVersion = 10.0.40219.1
Project("{FAE04EC0-301F-11D3-BF4B-00C04F79EFBC}") = "ClienteProyecto.Interfaz", "ServidorProyecto\ClienteProyecto.Interfaz.csproj", "{66740B8B-E45F-4090-B8FB-C5BF5A282FF7}"
EndProject
Project("{FAE04EC0-301F-11D3-BF4B-00C04F79EFBC}") = "ProyectoServidor.Entidades", "ProyectoServidor.Entidades\ProyectoServidor.Entidades.csproj", "{6C718530-5EE6-4B3D-9DC3-4F7B626AC420}"
EndProject
Global
	GlobalSection(SolutionConfigurationPlatforms) = preSolution
		Debug|Any CPU = Debug|Any CPU
		Release|Any CPU = Release|Any CPU
	EndGlobalSection
	GlobalSection(ProjectConfigurationPlatforms) = postSolution
		{66740B8B-E45F-4090-B8FB-C5BF5A282FF7}.Debug|Any CPU.ActiveCfg = Debug|Any CPU
		{66740B8B-E45F-4090-B8FB-C5BF5A282FF7}.Debug|Any CPU.Build.0 = Debug|Any CPU
		{66740B8B-E45F-4090-B8FB-C5BF5A282FF7}.Release|Any CPU.ActiveCfg = Release|Any CPU
		{66740B8B-E45F-4090-B8FB-C5BF5A282FF7}.Release|Any CPU.Build.0 = Release|Any CPU
		{6C718530-5EE6-4B3D-9DC3-4F7B626AC420}.Debug|Any CPU.ActiveCfg = Debug|Any CPU
		{6C718530-5EE6-4B3D-9DC3-4F7B626AC420}.Debug|Any CPU.Build.0 = Debug|Any CPU
		{6C718530-5EE6-4B3D-9DC3-4F7B626AC420}.Release|Any CPU.ActiveCfg = Release|Any CPU
		{6C718530-5EE6-4B3D-9DC3-4F7B626AC420}.Release|Any CPU.Build.0 = Release|Any CPU
	EndGlobalSection
	GlobalSection(SolutionProperties) = preSolution
		HideSolutionNode = FALSE
	EndGlobalSection
	GlobalSection(ExtensibilityGlobals) = postSolution
		SolutionGuid = {A98F3E18-D062-457D-AA42-341063781EA4}
	EndGlobalSection
EndGlobal
